{
  "name": "NameComparator",
  "lockfileVersion": 3,
  "requires": true,
  "packages": {
    "": {
      "dependencies": {
        "fuzzball": "^2.2.2",
        "munkres-js": "^1.2.2"
      }
    },
    "node_modules/fuzzball": {
      "version": "2.2.6",
      "resolved": "https://registry.npmjs.org/fuzzball/-/fuzzball-2.2.6.tgz",
      "integrity": "sha512-RFYKY0GGDOmocz6rYmvOk9qOnV2UCsLHbVPl5zfZVvcdBlilDg/84WSgAvOCGDq+UEnpnqjZMHk6a/hamC5VuQ==",
      "license": "MIT",
      "dependencies": {
        "heap": ">=0.2.0",
        "lodash": "^4.17.21",
        "setimmediate": "^1.0.5"
      }
    },
    "node_modules/heap": {
      "version": "0.2.7",
      "resolved": "https://registry.npmjs.org/heap/-/heap-0.2.7.tgz",
      "integrity": "sha512-2bsegYkkHO+h/9MGbn6KWcE45cHZgPANo5LXF7EvWdT0yT2EguSVO1nDgU5c8+ZOPwp2vMNa7YFsJhVcDR9Sdg==",
      "license": "MIT"
    },
    "node_modules/lodash": {
      "version": "4.18.1",
      "resolved": "https://registry.npmjs.org/lodash/-/lodash-4.18.1.tgz",
      "integrity": "sha512-dMInicTPVE8d1e5otfwmmjlxkZoUpiVLwyeTdUsi/Caj/gfzzblBcCE5sRHV/AsjuCmxWrte2TNGSYuCeCq+0Q==",
      "license": "MIT"
    },
    "node_modules/munkres-js": {
      "version": "1.2.2",
      "resolved": "https://registry.npmjs.org/munkres-js/-/munkres-js-1.2.2.tgz",
      "integrity": "sha512-0oF4tBDvzx20CYzQ44tTJMfwTBJWXe7cE73Sa/u7Mz7X8jRtyOXOGE9kJBhCfX7Akku3Iy/WHa0sRgqLRq2xaQ==",
      "license": "Apache-2.0 OR BSD-3-Clause"
    },
    "node_modules/setimmediate": {
      "version": "1.0.5",
      "resolved": "https://registry.npmjs.org/setimmediate/-/setimmediate-1.0.5.tgz",
      "integrity": "sha512-MATJdZp8sLqDl/68LfQmbP8zKPLQNV6BIZoIgrscFDQ+RsvK/BxeDQOgyxKKoh0y/8h3BqVFnCqQ/gd+reiIXA==",
      "license": "MIT"
    }
  }
}
