{
  "name": "NameComparator",
  "lockfileVersion": 3,
  "requires": true,
  "packages": {
    "": {
      "dependencies": {
        "@3leaps/string-metrics-wasm": "^0.3.8",
        "munkres-js": "^1.2.2"
      }
    },
    "node_modules/@3leaps/string-metrics-wasm": {
      "version": "0.3.8",
      "resolved": "https://registry.npmjs.org/@3leaps/string-metrics-wasm/-/string-metrics-wasm-0.3.8.tgz",
      "integrity": "sha512-iOz4DtbIrioueluUsR/sMkO5i/o0UMhCX7GNUvZKOIweVA8nHGjbojfuFQCVQGKbckF/L4fvHJtakFMPe7YvWg==",
      "license": "MIT"
    },
    "node_modules/munkres-js": {
      "version": "1.2.2",
      "resolved": "https://registry.npmjs.org/munkres-js/-/munkres-js-1.2.2.tgz",
      "integrity": "sha512-0oF4tBDvzx20CYzQ44tTJMfwTBJWXe7cE73Sa/u7Mz7X8jRtyOXOGE9kJBhCfX7Akku3Iy/WHa0sRgqLRq2xaQ==",
      "license": "Apache-2.0 OR BSD-3-Clause"
    }
  }
}
