{
  "name": "NameComparator",
  "lockfileVersion": 3,
  "requires": true,
  "packages": {
    "": {
      "dependencies": {
        "@3leaps/string-metrics-wasm": "^0.3.8"
      }
    },
    "node_modules/@3leaps/string-metrics-wasm": {
      "version": "0.3.8",
      "resolved": "https://registry.npmjs.org/@3leaps/string-metrics-wasm/-/string-metrics-wasm-0.3.8.tgz",
      "integrity": "sha512-iOz4DtbIrioueluUsR/sMkO5i/o0UMhCX7GNUvZKOIweVA8nHGjbojfuFQCVQGKbckF/L4fvHJtakFMPe7YvWg==",
      "license": "MIT"
    }
  }
}
